
Microsoft Visual Studio Solution File, Format Version 12.00
# Visual Studio 15
VisualStudioVersion = 15.0.27130.2003
MinimumVisualStudioVersion = 10.0.40219.1
Project("{FAE04EC0-301F-11D3-BF4B-00C04F79EFBC}") = "PII.WebApi", "PII.WebApi\PII.WebApi.csproj", "{34F9F299-5BE5-4E41-B094-2400FFD77CEA}"
EndProject
Project("{FAE04EC0-301F-11D3-BF4B-00C04F79EFBC}") = "PII.Base", "PII.Base\PII.Base.csproj", "{D16EAF40-542D-4A56-A699-F460666EBCD6}"
EndProject
Global
	GlobalSection(SolutionConfigurationPlatforms) = preSolution
		Debug|Any CPU = Debug|Any CPU
		Release|Any CPU = Release|Any CPU
	EndGlobalSection
	GlobalSection(ProjectConfigurationPlatforms) = postSolution
		{34F9F299-5BE5-4E41-B094-2400FFD77CEA}.Debug|Any CPU.ActiveCfg = Debug|Any CPU
		{34F9F299-5BE5-4E41-B094-2400FFD77CEA}.Debug|Any CPU.Build.0 = Debug|Any CPU
		{34F9F299-5BE5-4E41-B094-2400FFD77CEA}.Release|Any CPU.ActiveCfg = Release|Any CPU
		{34F9F299-5BE5-4E41-B094-2400FFD77CEA}.Release|Any CPU.Build.0 = Release|Any CPU
		{D16EAF40-542D-4A56-A699-F460666EBCD6}.Debug|Any CPU.ActiveCfg = Debug|Any CPU
		{D16EAF40-542D-4A56-A699-F460666EBCD6}.Debug|Any CPU.Build.0 = Debug|Any CPU
		{D16EAF40-542D-4A56-A699-F460666EBCD6}.Release|Any CPU.ActiveCfg = Release|Any CPU
		{D16EAF40-542D-4A56-A699-F460666EBCD6}.Release|Any CPU.Build.0 = Release|Any CPU
	EndGlobalSection
	GlobalSection(SolutionProperties) = preSolution
		HideSolutionNode = FALSE
	EndGlobalSection
	GlobalSection(ExtensibilityGlobals) = postSolution
		SolutionGuid = {A23FBDAE-2F10-4236-BD71-63F4C5E0F3CA}
	EndGlobalSection
EndGlobal
